// !$*UTF8*$!
{
	archiveVersion = 1;
	classes = {
	};
	objectVersion = 48;
	objects = {

/* Begin PBXBuildFile section */
		2470952E1FF6A89A003396F7 /* Gladiator.cpp in Sources */ = {isa = PBXBuildFile; fileRef = 2470952C1FF6A89A003396F7 /* Gladiator.cpp */; };
		247095391FFA549C003396F7 /* Hash_Table_test.cpp in Sources */ = {isa = PBXBuildFile; fileRef = 247095371FFA5480003396F7 /* Hash_Table_test.cpp */; };
		2470953E1FFF9485003396F7 /* Training_Group.cpp in Sources */ = {isa = PBXBuildFile; fileRef = 2470953B1FFF9485003396F7 /* Training_Group.cpp */; };
/* End PBXBuildFile section */

/* Begin PBXCopyFilesBuildPhase section */
		2470951A1FF6A402003396F7 /* CopyFiles */ = {
			isa = PBXCopyFilesBuildPhase;
			buildActionMask = 2147483647;
			dstPath = /usr/share/man/man1/;
			dstSubfolderSpec = 0;
			files = (
			);
			runOnlyForDeploymentPostprocessing = 1;
		};
/* End PBXCopyFilesBuildPhase section */

/* Begin PBXFileReference section */
		2470951C1FF6A402003396F7 /* Colosseum 2.0 */ = {isa = PBXFileReference; explicitFileType = "compiled.mach-o.executable"; includeInIndex = 0; path = "Colosseum 2.0"; sourceTree = BUILT_PRODUCTS_DIR; };
		247095281FF6A770003396F7 /* library2.h */ = {isa = PBXFileReference; fileEncoding = 4; lastKnownFileType = sourcecode.c.h; path = library2.h; sourceTree = "<group>"; };
		2470952B1FF6A89A003396F7 /* Gladiator.h */ = {isa = PBXFileReference; fileEncoding = 4; lastKnownFileType = sourcecode.c.h; path = Gladiator.h; sourceTree = "<group>"; };
		2470952C1FF6A89A003396F7 /* Gladiator.cpp */ = {isa = PBXFileReference; fileEncoding = 4; lastKnownFileType = sourcecode.cpp.cpp; path = Gladiator.cpp; sourceTree = "<group>"; };
		2470952D1FF6A89A003396F7 /* Splay_Tree.h */ = {isa = PBXFileReference; fileEncoding = 4; lastKnownFileType = sourcecode.c.h; path = Splay_Tree.h; sourceTree = "<group>"; };
		2470952F1FF6A8E5003396F7 /* Hash_Table.h */ = {isa = PBXFileReference; lastKnownFileType = sourcecode.c.h; path = Hash_Table.h; sourceTree = "<group>"; };
		247095301FF92ADB003396F7 /* main2.cpp */ = {isa = PBXFileReference; fileEncoding = 4; lastKnownFileType = sourcecode.cpp.cpp; path = main2.cpp; sourceTree = "<group>"; };
		247095371FFA5480003396F7 /* Hash_Table_test.cpp */ = {isa = PBXFileReference; lastKnownFileType = sourcecode.cpp.cpp; name = Hash_Table_test.cpp; path = tests/Hash_Table_test.cpp; sourceTree = "<group>"; };
		2470953A1FFBC9F1003396F7 /* Min_Heap.h */ = {isa = PBXFileReference; lastKnownFileType = sourcecode.c.h; path = Min_Heap.h; sourceTree = "<group>"; };
		2470953B1FFF9485003396F7 /* Training_Group.cpp */ = {isa = PBXFileReference; fileEncoding = 4; lastKnownFileType = sourcecode.cpp.cpp; path = Training_Group.cpp; sourceTree = "<group>"; };
		2470953C1FFF9485003396F7 /* Training_Group.h */ = {isa = PBXFileReference; fileEncoding = 4; lastKnownFileType = sourcecode.c.h; path = Training_Group.h; sourceTree = "<group>"; };
		2470953D1FFF9485003396F7 /* Ranked_Tree.h */ = {isa = PBXFileReference; fileEncoding = 4; lastKnownFileType = sourcecode.c.h; path = Ranked_Tree.h; sourceTree = "<group>"; };
/* End PBXFileReference section */

/* Begin PBXFrameworksBuildPhase section */
		247095191FF6A402003396F7 /* Frameworks */ = {
			isa = PBXFrameworksBuildPhase;
			buildActionMask = 2147483647;
			files = (
			);
			runOnlyForDeploymentPostprocessing = 0;
		};
/* End PBXFrameworksBuildPhase section */

/* Begin PBXGroup section */
		247095131FF6A402003396F7 = {
			isa = PBXGroup;
			children = (
				2470951E1FF6A402003396F7 /* Colosseum 2.0 */,
				2470951D1FF6A402003396F7 /* Products */,
			);
			sourceTree = "<group>";
		};
		2470951D1FF6A402003396F7 /* Products */ = {
			isa = PBXGroup;
			children = (
				2470951C1FF6A402003396F7 /* Colosseum 2.0 */,
			);
			name = Products;
			sourceTree = "<group>";
		};
		2470951E1FF6A402003396F7 /* Colosseum 2.0 */ = {
			isa = PBXGroup;
			children = (
				247095301FF92ADB003396F7 /* main2.cpp */,
				247095281FF6A770003396F7 /* library2.h */,
				2470953C1FFF9485003396F7 /* Training_Group.h */,
				2470953B1FFF9485003396F7 /* Training_Group.cpp */,
				2470952B1FF6A89A003396F7 /* Gladiator.h */,
				2470952C1FF6A89A003396F7 /* Gladiator.cpp */,
				2470952F1FF6A8E5003396F7 /* Hash_Table.h */,
				247095371FFA5480003396F7 /* Hash_Table_test.cpp */,
				2470952D1FF6A89A003396F7 /* Splay_Tree.h */,
				2470953D1FFF9485003396F7 /* Ranked_Tree.h */,
				2470953A1FFBC9F1003396F7 /* Min_Heap.h */,
			);
			name = "Colosseum 2.0";
			path = Colosseum2.0;
			sourceTree = SOURCE_ROOT;
		};
/* End PBXGroup section */

/* Begin PBXNativeTarget section */
		2470951B1FF6A402003396F7 /* Colosseum 2.0 */ = {
			isa = PBXNativeTarget;
			buildConfigurationList = 247095231FF6A402003396F7 /* Build configuration list for PBXNativeTarget "Colosseum 2.0" */;
			buildPhases = (
				247095181FF6A402003396F7 /* Sources */,
				247095191FF6A402003396F7 /* Frameworks */,
				2470951A1FF6A402003396F7 /* CopyFiles */,
			);
			buildRules = (
			);
			dependencies = (
			);
			name = "Colosseum 2.0";
			productName = "Colosseum 2.0";
			productReference = 2470951C1FF6A402003396F7 /* Colosseum 2.0 */;
			productType = "com.apple.product-type.tool";
		};
/* End PBXNativeTarget section */

/* Begin PBXProject section */
		247095141FF6A402003396F7 /* Project object */ = {
			isa = PBXProject;
			attributes = {
				LastUpgradeCheck = 0920;
				ORGANIZATIONNAME = "sagi bouzaglo";
				TargetAttributes = {
					2470951B1FF6A402003396F7 = {
						CreatedOnToolsVersion = 9.2;
						ProvisioningStyle = Automatic;
					};
				};
			};
			buildConfigurationList = 247095171FF6A402003396F7 /* Build configuration list for PBXProject "Colosseum 2.0" */;
			compatibilityVersion = "Xcode 8.0";
			developmentRegion = en;
			hasScannedForEncodings = 0;
			knownRegions = (
				en,
			);
			mainGroup = 247095131FF6A402003396F7;
			productRefGroup = 2470951D1FF6A402003396F7 /* Products */;
			projectDirPath = "";
			projectRoot = "";
			targets = (
				2470951B1FF6A402003396F7 /* Colosseum 2.0 */,
			);
		};
/* End PBXProject section */

/* Begin PBXSourcesBuildPhase section */
		247095181FF6A402003396F7 /* Sources */ = {
			isa = PBXSourcesBuildPhase;
			buildActionMask = 2147483647;
			files = (
				247095391FFA549C003396F7 /* Hash_Table_test.cpp in Sources */,
				2470952E1FF6A89A003396F7 /* Gladiator.cpp in Sources */,
				2470953E1FFF9485003396F7 /* Training_Group.cpp in Sources */,
			);
			runOnlyForDeploymentPostprocessing = 0;
		};
/* End PBXSourcesBuildPhase section */

/* Begin XCBuildConfiguration section */
		247095211FF6A402003396F7 /* Debug */ = {
			isa = XCBuildConfiguration;
			buildSettings = {
				ALWAYS_SEARCH_USER_PATHS = NO;
				CLANG_ANALYZER_NONNULL = YES;
				CLANG_ANALYZER_NUMBER_OBJECT_CONVERSION = YES_AGGRESSIVE;
				CLANG_CXX_LANGUAGE_STANDARD = "gnu++14";
				CLANG_CXX_LIBRARY = "libc++";
				CLANG_ENABLE_MODULES = YES;
				CLANG_ENABLE_OBJC_ARC = YES;
				CLANG_WARN_BLOCK_CAPTURE_AUTORELEASING = YES;
				CLANG_WARN_BOOL_CONVERSION = YES;
				CLANG_WARN_COMMA = YES;
				CLANG_WARN_CONSTANT_CONVERSION = YES;
				CLANG_WARN_DIRECT_OBJC_ISA_USAGE = YES_ERROR;
				CLANG_WARN_DOCUMENTATION_COMMENTS = YES;
				CLANG_WARN_EMPTY_BODY = YES;
				CLANG_WARN_ENUM_CONVERSION = YES;
				CLANG_WARN_INFINITE_RECURSION = YES;
				CLANG_WARN_INT_CONVERSION = YES;
				CLANG_WARN_NON_LITERAL_NULL_CONVERSION = YES;
				CLANG_WARN_OBJC_LITERAL_CONVERSION = YES;
				CLANG_WARN_OBJC_ROOT_CLASS = YES_ERROR;
				CLANG_WARN_RANGE_LOOP_ANALYSIS = YES;
				CLANG_WARN_STRICT_PROTOTYPES = YES;
				CLANG_WARN_SUSPICIOUS_MOVE = YES;
				CLANG_WARN_UNGUARDED_AVAILABILITY = YES_AGGRESSIVE;
				CLANG_WARN_UNREACHABLE_CODE = YES;
				CLANG_WARN__DUPLICATE_METHOD_MATCH = YES;
				CODE_SIGN_IDENTITY = "-";
				COPY_PHASE_STRIP = NO;
				DEBUG_INFORMATION_FORMAT = dwarf;
				ENABLE_STRICT_OBJC_MSGSEND = YES;
				ENABLE_TESTABILITY = YES;
				GCC_C_LANGUAGE_STANDARD = gnu11;
				GCC_DYNAMIC_NO_PIC = NO;
				GCC_NO_COMMON_BLOCKS = YES;
				GCC_OPTIMIZATION_LEVEL = 0;
				GCC_PREPROCESSOR_DEFINITIONS = (
					"DEBUG=1",
					"$(inherited)",
				);
				GCC_WARN_64_TO_32_BIT_CONVERSION = YES;
				GCC_WARN_ABOUT_RETURN_TYPE = YES_ERROR;
				GCC_WARN_UNDECLARED_SELECTOR = YES;
				GCC_WARN_UNINITIALIZED_AUTOS = YES_AGGRESSIVE;
				GCC_WARN_UNUSED_FUNCTION = YES;
				GCC_WARN_UNUSED_VARIABLE = YES;
				MACOSX_DEPLOYMENT_TARGET = 10.13;
				MTL_ENABLE_DEBUG_INFO = YES;
				ONLY_ACTIVE_ARCH = YES;
				SDKROOT = macosx;
			};
			name = Debug;
		};
		247095221FF6A402003396F7 /* Release */ = {
			isa = XCBuildConfiguration;
			buildSettings = {
				ALWAYS_SEARCH_USER_PATHS = NO;
				CLANG_ANALYZER_NONNULL = YES;
				CLANG_ANALYZER_NUMBER_OBJECT_CONVERSION = YES_AGGRESSIVE;
				CLANG_CXX_LANGUAGE_STANDARD = "gnu++14";
				CLANG_CXX_LIBRARY = "libc++";
				CLANG_ENABLE_MODULES = YES;
				CLANG_ENABLE_OBJC_ARC = YES;
				CLANG_WARN_BLOCK_CAPTURE_AUTORELEASING = YES;
				CLANG_WARN_BOOL_CONVERSION = YES;
				CLANG_WARN_COMMA = YES;
				CLANG_WARN_CONSTANT_CONVERSION = YES;
				CLANG_WARN_DIRECT_OBJC_ISA_USAGE = YES_ERROR;
				CLANG_WARN_DOCUMENTATION_COMMENTS = YES;
				CLANG_WARN_EMPTY_BODY = YES;
				CLANG_WARN_ENUM_CONVERSION = YES;
				CLANG_WARN_INFINITE_RECURSION = YES;
				CLANG_WARN_INT_CONVERSION = YES;
				CLANG_WARN_NON_LITERAL_NULL_CONVERSION = YES;
				CLANG_WARN_OBJC_LITERAL_CONVERSION = YES;
				CLANG_WARN_OBJC_ROOT_CLASS = YES_ERROR;
				CLANG_WARN_RANGE_LOOP_ANALYSIS = YES;
				CLANG_WARN_STRICT_PROTOTYPES = YES;
				CLANG_WARN_SUSPICIOUS_MOVE = YES;
				CLANG_WARN_UNGUARDED_AVAILABILITY = YES_AGGRESSIVE;
				CLANG_WARN_UNREACHABLE_CODE = YES;
				CLANG_WARN__DUPLICATE_METHOD_MATCH = YES;
				CODE_SIGN_IDENTITY = "-";
				COPY_PHASE_STRIP = NO;
				DEBUG_INFORMATION_FORMAT = "dwarf-with-dsym";
				ENABLE_NS_ASSERTIONS = NO;
				ENABLE_STRICT_OBJC_MSGSEND = YES;
				GCC_C_LANGUAGE_STANDARD = gnu11;
				GCC_NO_COMMON_BLOCKS = YES;
				GCC_WARN_64_TO_32_BIT_CONVERSION = YES;
				GCC_WARN_ABOUT_RETURN_TYPE = YES_ERROR;
				GCC_WARN_UNDECLARED_SELECTOR = YES;
				GCC_WARN_UNINITIALIZED_AUTOS = YES_AGGRESSIVE;
				GCC_WARN_UNUSED_FUNCTION = YES;
				GCC_WARN_UNUSED_VARIABLE = YES;
				MACOSX_DEPLOYMENT_TARGET = 10.13;
				MTL_ENABLE_DEBUG_INFO = NO;
				SDKROOT = macosx;
			};
			name = Release;
		};
		247095241FF6A402003396F7 /* Debug */ = {
			isa = XCBuildConfiguration;
			buildSettings = {
				CODE_SIGN_STYLE = Automatic;
				PRODUCT_NAME = "$(TARGET_NAME)";
			};
			name = Debug;
		};
		247095251FF6A402003396F7 /* Release */ = {
			isa = XCBuildConfiguration;
			buildSettings = {
				CODE_SIGN_STYLE = Automatic;
				PRODUCT_NAME = "$(TARGET_NAME)";
			};
			name = Release;
		};
/* End XCBuildConfiguration section */

/* Begin XCConfigurationList section */
		247095171FF6A402003396F7 /* Build configuration list for PBXProject "Colosseum 2.0" */ = {
			isa = XCConfigurationList;
			buildConfigurations = (
				247095211FF6A402003396F7 /* Debug */,
				247095221FF6A402003396F7 /* Release */,
			);
			defaultConfigurationIsVisible = 0;
			defaultConfigurationName = Release;
		};
		247095231FF6A402003396F7 /* Build configuration list for PBXNativeTarget "Colosseum 2.0" */ = {
			isa = XCConfigurationList;
			buildConfigurations = (
				247095241FF6A402003396F7 /* Debug */,
				247095251FF6A402003396F7 /* Release */,
			);
			defaultConfigurationIsVisible = 0;
			defaultConfigurationName = Release;
		};
/* End XCConfigurationList section */
	};
	rootObject = 247095141FF6A402003396F7 /* Project object */;
}
